
Microsoft Visual Studio Solution File, Format Version 12.00
# Visual Studio Version 17
VisualStudioVersion = 17.6.33712.159
MinimumVisualStudioVersion = 10.0.40219.1
Project("{FAE04EC0-301F-11D3-BF4B-00C04F79EFBC}") = "GiveTheBookBack.API", "GiveTheBookBack.API\GiveTheBookBack.API.csproj", "{C707BB45-C2A3-44F5-82E6-EA8F1026043A}"
EndProject
Project("{2150E333-8FDC-42A3-9474-1A3956D46DE8}") = "API", "API", "{C375387C-E2E9-43EA-9609-F67CC2FC7AB5}"
EndProject
Global
	GlobalSection(SolutionConfigurationPlatforms) = preSolution
		Debug|Any CPU = Debug|Any CPU
		Release|Any CPU = Release|Any CPU
	EndGlobalSection
	GlobalSection(ProjectConfigurationPlatforms) = postSolution
		{C707BB45-C2A3-44F5-82E6-EA8F1026043A}.Debug|Any CPU.ActiveCfg = Debug|Any CPU
		{C707BB45-C2A3-44F5-82E6-EA8F1026043A}.Debug|Any CPU.Build.0 = Debug|Any CPU
		{C707BB45-C2A3-44F5-82E6-EA8F1026043A}.Release|Any CPU.ActiveCfg = Release|Any CPU
		{C707BB45-C2A3-44F5-82E6-EA8F1026043A}.Release|Any CPU.Build.0 = Release|Any CPU
	EndGlobalSection
	GlobalSection(SolutionProperties) = preSolution
		HideSolutionNode = FALSE
	EndGlobalSection
	GlobalSection(NestedProjects) = preSolution
		{C707BB45-C2A3-44F5-82E6-EA8F1026043A} = {C375387C-E2E9-43EA-9609-F67CC2FC7AB5}
	EndGlobalSection
	GlobalSection(ExtensibilityGlobals) = postSolution
		SolutionGuid = {80664CCE-4CA3-42FF-8DFD-43A23527A597}
	EndGlobalSection
EndGlobal
